# THIS IS AN AUTOGENERATED FILE. DO NOT EDIT THIS FILE DIRECTLY.
# yarn lockfile v1


vue-the-mask@^0.11.1:
  version "0.11.1"
  resolved "https://registry.yarnpkg.com/vue-the-mask/-/vue-the-mask-0.11.1.tgz#91ee01008354ae57bccc79bb61b65f32d971d9d5"
  integrity sha512-UquSfnSWejD0zAfcD+3jJ1chUAkOAyoxya9Lxh9acCRtrlmGcAIvd0cQYraWqKenbuZJUdum+S174atv2AuEHQ==
